
Microsoft Visual Studio Solution File, Format Version 12.00
# Visual Studio Version 17
VisualStudioVersion = 17.0.32014.148
MinimumVisualStudioVersion = 10.0.40219.1
Project("{FAE04EC0-301F-11D3-BF4B-00C04F79EFBC}") = "CRUDApplication", "CRUDApplication\CRUDApplication.csproj", "{5BDCC0C8-0AA1-432E-84C7-A224FCB2342F}"
EndProject
Global
	GlobalSection(SolutionConfigurationPlatforms) = preSolution
		Debug|Any CPU = Debug|Any CPU
		Release|Any CPU = Release|Any CPU
	EndGlobalSection
	GlobalSection(ProjectConfigurationPlatforms) = postSolution
		{5BDCC0C8-0AA1-432E-84C7-A224FCB2342F}.Debug|Any CPU.ActiveCfg = Debug|Any CPU
		{5BDCC0C8-0AA1-432E-84C7-A224FCB2342F}.Debug|Any CPU.Build.0 = Debug|Any CPU
		{5BDCC0C8-0AA1-432E-84C7-A224FCB2342F}.Release|Any CPU.ActiveCfg = Release|Any CPU
		{5BDCC0C8-0AA1-432E-84C7-A224FCB2342F}.Release|Any CPU.Build.0 = Release|Any CPU
	EndGlobalSection
	GlobalSection(SolutionProperties) = preSolution
		HideSolutionNode = FALSE
	EndGlobalSection
	GlobalSection(ExtensibilityGlobals) = postSolution
		SolutionGuid = {AEC38F95-559B-43ED-9AEA-BA81CD699C3B}
	EndGlobalSection
EndGlobal
